<?xml version="1.0" encoding="utf-8"?>
<Project ToolsVersion="4.0" xmlns="http://schemas.microsoft.com/developer/msbuild/2003">
  <ItemGroup>
    <Filter Include="Source Files">
      <UniqueIdentifier>{4FC737F1-C7A5-4376-A066-2A32D752A2FF}</UniqueIdentifier>
      <Extensions>cpp;c;cc;cxx;c++;cppm;ixx;def;odl;idl;hpj;bat;asm;asmx</Extensions>
    </Filter>
    <Filter Include="Header Files">
      <UniqueIdentifier>{93995380-89BD-4b04-88EB-625FBE52EBFB}</UniqueIdentifier>
      <Extensions>h;hh;hpp;hxx;h++;hm;inl;inc;ipp;xsd</Extensions>
    </Filter>
    <Filter Include="Resource Files">
      <UniqueIdentifier>{67DA6AB6-F800-4c08-8B7A-83BB121AAD01}</UniqueIdentifier>
      <Extensions>rc;ico;cur;bmp;dlg;rc2;rct;bin;rgs;gif;jpg;jpeg;jpe;resx;tiff;tif;png;wav;mfcribbon-ms</Extensions>
    </Filter>
    <Filter Include="Source Files\gui">
      <UniqueIdentifier>{f0cb694f-3b2d-466e-b597-061a274143c2}</UniqueIdentifier>
    </Filter>
    <Filter Include="Header Files\gui">
      <UniqueIdentifier>{d8cf357a-8231-47c2-85cf-6813c8ea3c77}</UniqueIdentifier>
    </Filter>
    <Filter Include="Header Files\gui\components">
      <UniqueIdentifier>{4596f9cb-c8aa-43b4-b349-453af3c1a57f}</UniqueIdentifier>
    </Filter>
    <Filter Include="Source Files\gui\components">
      <UniqueIdentifier>{946b3045-eb45-4c54-b9ce-e70eff4132c4}</UniqueIdentifier>
    </Filter>
    <Filter Include="Source Files\designer">
      <UniqueIdentifier>{e1e65217-bea6-40c0-b1df-61c0dc763331}</UniqueIdentifier>
    </Filter>
    <Filter Include="Header Files\designer">
      <UniqueIdentifier>{03846380-becf-45da-9f64-20031cbc636f}</UniqueIdentifier>
    </Filter>
  </ItemGroup>
  <ItemGroup>
    <ClCompile Include="main.cpp">
      <Filter>Source Files</Filter>
    </ClCompile>
    <ClCompile Include="app.cpp">
      <Filter>Source Files</Filter>
    </ClCompile>
    <ClCompile Include="editor.cpp">
      <Filter>Source Files</Filter>
    </ClCompile>
    <ClCompile Include="file.cpp">
      <Filter>Source Files</Filter>
    </ClCompile>
    <ClCompile Include="keypresshandler.cpp">
      <Filter>Source Files</Filter>
    </ClCompile>
    <ClCompile Include="gui\components\guicomponent.cpp">
      <Filter>Source Files\gui\components</Filter>
    </ClCompile>
    <ClCompile Include="gui\components\label.cpp">
      <Filter>Source Files\gui\components</Filter>
    </ClCompile>
    <ClCompile Include="gui\components\panel.cpp">
      <Filter>Source Files\gui\components</Filter>
    </ClCompile>
    <ClCompile Include="gui\components\textfield.cpp">
      <Filter>Source Files\gui\components</Filter>
    </ClCompile>
    <ClCompile Include="gui\components\window.cpp">
      <Filter>Source Files\gui\components</Filter>
    </ClCompile>
    <ClCompile Include="designer\editor.designer.cpp">
      <Filter>Source Files\designer</Filter>
    </ClCompile>
    <ClCompile Include="gui\consoleapi.cpp">
      <Filter>Source Files\gui</Filter>
    </ClCompile>
    <ClCompile Include="gui\components\texteditor.cpp">
      <Filter>Source Files\gui\components</Filter>
    </ClCompile>
    <ClCompile Include="gui\consolemanager.cpp">
      <Filter>Source Files\gui</Filter>
    </ClCompile>
  </ItemGroup>
  <ItemGroup>
    <ClInclude Include="file.hpp">
      <Filter>Header Files</Filter>
    </ClInclude>
    <ClInclude Include="keypresshandler.hpp">
      <Filter>Header Files</Filter>
    </ClInclude>
    <ClInclude Include="cmdinter.hpp">
      <Filter>Header Files</Filter>
    </ClInclude>
    <ClInclude Include="editor.hpp">
      <Filter>Header Files</Filter>
    </ClInclude>
    <ClInclude Include="app.hpp">
      <Filter>Header Files</Filter>
    </ClInclude>
    <ClInclude Include="logger.hpp">
      <Filter>Header Files</Filter>
    </ClInclude>
    <ClInclude Include="gui\components\guicomponent.hpp">
      <Filter>Header Files\gui\components</Filter>
    </ClInclude>
    <ClInclude Include="gui\components\label.hpp">
      <Filter>Header Files\gui\components</Filter>
    </ClInclude>
    <ClInclude Include="gui\components\panel.hpp">
      <Filter>Header Files\gui\components</Filter>
    </ClInclude>
    <ClInclude Include="gui\components\textfield.hpp">
      <Filter>Header Files\gui\components</Filter>
    </ClInclude>
    <ClInclude Include="gui\components\window.hpp">
      <Filter>Header Files\gui\components</Filter>
    </ClInclude>
    <ClInclude Include="designer\editor.designer.hpp">
      <Filter>Header Files\designer</Filter>
    </ClInclude>
    <ClInclude Include="gui\consoleapi.hpp">
      <Filter>Header Files\gui</Filter>
    </ClInclude>
    <ClInclude Include="gui\color.hpp">
      <Filter>Header Files\gui</Filter>
    </ClInclude>
    <ClInclude Include="gui\components\texteditor.hpp">
      <Filter>Header Files\gui\components</Filter>
    </ClInclude>
    <ClInclude Include="gui\consolemanager.hpp">
      <Filter>Header Files\gui</Filter>
    </ClInclude>
  </ItemGroup>
</Project>