<?xml version="1.0" encoding="utf-8"?>
<Project ToolsVersion="4.0" xmlns="http://schemas.microsoft.com/developer/msbuild/2003">
  <ItemGroup>
    <Filter Include="Source Files">
      <UniqueIdentifier>{4FC737F1-C7A5-4376-A066-2A32D752A2FF}</UniqueIdentifier>
      <Extensions>cpp;c;cc;cxx;c++;cppm;ixx;def;odl;idl;hpj;bat;asm;asmx</Extensions>
    </Filter>
    <Filter Include="Header Files">
      <UniqueIdentifier>{93995380-89BD-4b04-88EB-625FBE52EBFB}</UniqueIdentifier>
      <Extensions>h;hh;hpp;hxx;h++;hm;inl;inc;ipp;xsd</Extensions>
    </Filter>
    <Filter Include="Resource Files">
      <UniqueIdentifier>{67DA6AB6-F800-4c08-8B7A-83BB121AAD01}</UniqueIdentifier>
      <Extensions>rc;ico;cur;bmp;dlg;rc2;rct;bin;rgs;gif;jpg;jpeg;jpe;resx;tiff;tif;png;wav;mfcribbon-ms</Extensions>
    </Filter>
    <Filter Include="Source Files\gui">
      <UniqueIdentifier>{f0cb694f-3b2d-466e-b597-061a274143c2}</UniqueIdentifier>
    </Filter>
    <Filter Include="Header Files\gui">
      <UniqueIdentifier>{d8cf357a-8231-47c2-85cf-6813c8ea3c77}</UniqueIdentifier>
    </Filter>
    <Filter Include="Header Files\gui\components">
      <UniqueIdentifier>{4596f9cb-c8aa-43b4-b349-453af3c1a57f}</UniqueIdentifier>
    </Filter>
    <Filter Include="Source Files\gui\components">
      <UniqueIdentifier>{946b3045-eb45-4c54-b9ce-e70eff4132c4}</UniqueIdentifier>
    </Filter>
    <Filter Include="Source Files\windows">
      <UniqueIdentifier>{1bcd29f9-f457-4026-95ce-baeb406d9b15}</UniqueIdentifier>
    </Filter>
    <Filter Include="Header Files\windows">
      <UniqueIdentifier>{688baf94-1c43-4161-b576-435dc9009561}</UniqueIdentifier>
    </Filter>
    <Filter Include="Header Files\gui\components\text">
      <UniqueIdentifier>{41337e93-53f5-4d76-9930-ef4d425fc486}</UniqueIdentifier>
    </Filter>
    <Filter Include="Source Files\gui\components\text">
      <UniqueIdentifier>{3f9e4bf7-8cc0-45e9-9c2c-70d2b117c79f}</UniqueIdentifier>
    </Filter>
  </ItemGroup>
  <ItemGroup>
    <ClCompile Include="main.cpp">
      <Filter>Source Files</Filter>
    </ClCompile>
    <ClCompile Include="app.cpp">
      <Filter>Source Files</Filter>
    </ClCompile>
    <ClCompile Include="file.cpp">
      <Filter>Source Files</Filter>
    </ClCompile>
    <ClCompile Include="gui\components\guicomponent.cpp">
      <Filter>Source Files\gui\components</Filter>
    </ClCompile>
    <ClCompile Include="gui\components\label.cpp">
      <Filter>Source Files\gui\components</Filter>
    </ClCompile>
    <ClCompile Include="gui\components\window.cpp">
      <Filter>Source Files\gui\components</Filter>
    </ClCompile>
    <ClCompile Include="gui\consoleapi.cpp">
      <Filter>Source Files\gui</Filter>
    </ClCompile>
    <ClCompile Include="logger.cpp">
      <Filter>Source Files</Filter>
    </ClCompile>
    <ClCompile Include="windows\editor.cpp">
      <Filter>Source Files\windows</Filter>
    </ClCompile>
    <ClCompile Include="gui\event.cpp">
      <Filter>Source Files\gui</Filter>
    </ClCompile>
    <ClCompile Include="gui\input.cpp">
      <Filter>Source Files\gui</Filter>
    </ClCompile>
    <ClCompile Include="gui\appmanager.cpp">
      <Filter>Source Files\gui</Filter>
    </ClCompile>
    <ClCompile Include="gui\components\text\texteditor.cpp">
      <Filter>Source Files\gui\components\text</Filter>
    </ClCompile>
    <ClCompile Include="gui\components\text\textfield.cpp">
      <Filter>Source Files\gui\components\text</Filter>
    </ClCompile>
    <ClCompile Include="gui\components\text\text.cpp">
      <Filter>Source Files\gui\components\text</Filter>
    </ClCompile>
    <ClCompile Include="gui\canvas.cpp">
      <Filter>Source Files</Filter>
    </ClCompile>
    <ClCompile Include="gui\color.cpp">
      <Filter>Source Files\gui</Filter>
    </ClCompile>
    <ClCompile Include="gui\timer.cpp">
      <Filter>Source Files\gui</Filter>
    </ClCompile>
  </ItemGroup>
  <ItemGroup>
    <ClInclude Include="file.hpp">
      <Filter>Header Files</Filter>
    </ClInclude>
    <ClInclude Include="app.hpp">
      <Filter>Header Files</Filter>
    </ClInclude>
    <ClInclude Include="logger.hpp">
      <Filter>Header Files</Filter>
    </ClInclude>
    <ClInclude Include="gui\components\guicomponent.hpp">
      <Filter>Header Files\gui\components</Filter>
    </ClInclude>
    <ClInclude Include="gui\components\label.hpp">
      <Filter>Header Files\gui\components</Filter>
    </ClInclude>
    <ClInclude Include="gui\components\window.hpp">
      <Filter>Header Files\gui\components</Filter>
    </ClInclude>
    <ClInclude Include="gui\consoleapi.hpp">
      <Filter>Header Files\gui</Filter>
    </ClInclude>
    <ClInclude Include="gui\color.hpp">
      <Filter>Header Files\gui</Filter>
    </ClInclude>
    <ClInclude Include="windows\editor.hpp">
      <Filter>Header Files\windows</Filter>
    </ClInclude>
    <ClInclude Include="gui\event.hpp">
      <Filter>Header Files\gui</Filter>
    </ClInclude>
    <ClInclude Include="gui\input.hpp">
      <Filter>Header Files\gui</Filter>
    </ClInclude>
    <ClInclude Include="gui\appmanager.hpp">
      <Filter>Header Files\gui</Filter>
    </ClInclude>
    <ClInclude Include="gui\components\text\texteditor.hpp">
      <Filter>Header Files\gui\components\text</Filter>
    </ClInclude>
    <ClInclude Include="gui\components\text\textfield.hpp">
      <Filter>Header Files\gui\components\text</Filter>
    </ClInclude>
    <ClInclude Include="gui\components\text\text.hpp">
      <Filter>Header Files\gui\components\text</Filter>
    </ClInclude>
    <ClInclude Include="gui\canvas.hpp">
      <Filter>Header Files\gui</Filter>
    </ClInclude>
    <ClInclude Include="gui\types.h">
      <Filter>Header Files</Filter>
    </ClInclude>
    <ClInclude Include="gui\timer.hpp">
      <Filter>Header Files\gui</Filter>
    </ClInclude>
  </ItemGroup>
</Project>